// !$*UTF8*$!
{
	archiveVersion = 1;
	classes = {
	};
	objectVersion = 50;
	objects = {

/* Begin PBXBuildFile section */
		1709A87F2CE68C85514C8F45 /* libPods-StravaAPI.a in Frameworks */ = {isa = PBXBuildFile; fileRef = 802AC9CB8FF183C1B9AADB18 /* libPods-StravaAPI.a */; };
		94901A4B209E65AB00D6CCCC /* Athlete.m in Sources */ = {isa = PBXBuildFile; fileRef = 94901A4A209E65AB00D6CCCC /* Athlete.m */; };
		94901A4E209E672000D6CCCC /* AthleteDeserializer.m in Sources */ = {isa = PBXBuildFile; fileRef = 94901A4D209E672000D6CCCC /* AthleteDeserializer.m */; };
		94A39D54209E1F46003E58F4 /* AppDelegate.m in Sources */ = {isa = PBXBuildFile; fileRef = 94A39D53209E1F46003E58F4 /* AppDelegate.m */; };
		94A39D57209E1F46003E58F4 /* ViewController.m in Sources */ = {isa = PBXBuildFile; fileRef = 94A39D56209E1F46003E58F4 /* ViewController.m */; };
		94A39D5A209E1F46003E58F4 /* Main.storyboard in Resources */ = {isa = PBXBuildFile; fileRef = 94A39D58209E1F46003E58F4 /* Main.storyboard */; };
		94A39D5C209E1F48003E58F4 /* Assets.xcassets in Resources */ = {isa = PBXBuildFile; fileRef = 94A39D5B209E1F48003E58F4 /* Assets.xcassets */; };
		94A39D5F209E1F48003E58F4 /* LaunchScreen.storyboard in Resources */ = {isa = PBXBuildFile; fileRef = 94A39D5D209E1F48003E58F4 /* LaunchScreen.storyboard */; };
		94A39D62209E1F48003E58F4 /* main.m in Sources */ = {isa = PBXBuildFile; fileRef = 94A39D61209E1F48003E58F4 /* main.m */; };
		94AA3B47209E2A0D002D91DA /* WebKit.framework in Frameworks */ = {isa = PBXBuildFile; fileRef = 94AA3B46209E2A0D002D91DA /* WebKit.framework */; };
		94AA3B4A209E3811002D91DA /* StravaConstants.m in Sources */ = {isa = PBXBuildFile; fileRef = 94AA3B49209E3811002D91DA /* StravaConstants.m */; };
		94AA3B4D209E38BC002D91DA /* StravaAPIClient.m in Sources */ = {isa = PBXBuildFile; fileRef = 94AA3B4C209E38BC002D91DA /* StravaAPIClient.m */; };
/* End PBXBuildFile section */

/* Begin PBXFileReference section */
		6DBDF23F8B63A7F70C310993 /* Pods-StravaAPI.release.xcconfig */ = {isa = PBXFileReference; includeInIndex = 1; lastKnownFileType = text.xcconfig; name = "Pods-StravaAPI.release.xcconfig"; path = "Pods/Target Support Files/Pods-StravaAPI/Pods-StravaAPI.release.xcconfig"; sourceTree = "<group>"; };
		802AC9CB8FF183C1B9AADB18 /* libPods-StravaAPI.a */ = {isa = PBXFileReference; explicitFileType = archive.ar; includeInIndex = 0; path = "libPods-StravaAPI.a"; sourceTree = BUILT_PRODUCTS_DIR; };
		94901A49209E65AB00D6CCCC /* Athlete.h */ = {isa = PBXFileReference; lastKnownFileType = sourcecode.c.h; path = Athlete.h; sourceTree = "<group>"; };
		94901A4A209E65AB00D6CCCC /* Athlete.m */ = {isa = PBXFileReference; lastKnownFileType = sourcecode.c.objc; path = Athlete.m; sourceTree = "<group>"; };
		94901A4C209E672000D6CCCC /* AthleteDeserializer.h */ = {isa = PBXFileReference; lastKnownFileType = sourcecode.c.h; path = AthleteDeserializer.h; sourceTree = "<group>"; };
		94901A4D209E672000D6CCCC /* AthleteDeserializer.m */ = {isa = PBXFileReference; lastKnownFileType = sourcecode.c.objc; path = AthleteDeserializer.m; sourceTree = "<group>"; };
		94A39D4F209E1F46003E58F4 /* StravaAPI.app */ = {isa = PBXFileReference; explicitFileType = wrapper.application; includeInIndex = 0; path = StravaAPI.app; sourceTree = BUILT_PRODUCTS_DIR; };
		94A39D52209E1F46003E58F4 /* AppDelegate.h */ = {isa = PBXFileReference; lastKnownFileType = sourcecode.c.h; path = AppDelegate.h; sourceTree = "<group>"; };
		94A39D53209E1F46003E58F4 /* AppDelegate.m */ = {isa = PBXFileReference; lastKnownFileType = sourcecode.c.objc; path = AppDelegate.m; sourceTree = "<group>"; };
		94A39D55209E1F46003E58F4 /* ViewController.h */ = {isa = PBXFileReference; lastKnownFileType = sourcecode.c.h; path = ViewController.h; sourceTree = "<group>"; };
		94A39D56209E1F46003E58F4 /* ViewController.m */ = {isa = PBXFileReference; lastKnownFileType = sourcecode.c.objc; path = ViewController.m; sourceTree = "<group>"; };
		94A39D59209E1F46003E58F4 /* Base */ = {isa = PBXFileReference; lastKnownFileType = file.storyboard; name = Base; path = Base.lproj/Main.storyboard; sourceTree = "<group>"; };
		94A39D5B209E1F48003E58F4 /* Assets.xcassets */ = {isa = PBXFileReference; lastKnownFileType = folder.assetcatalog; path = Assets.xcassets; sourceTree = "<group>"; };
		94A39D5E209E1F48003E58F4 /* Base */ = {isa = PBXFileReference; lastKnownFileType = file.storyboard; name = Base; path = Base.lproj/LaunchScreen.storyboard; sourceTree = "<group>"; };
		94A39D60209E1F48003E58F4 /* Info.plist */ = {isa = PBXFileReference; lastKnownFileType = text.plist.xml; path = Info.plist; sourceTree = "<group>"; };
		94A39D61209E1F48003E58F4 /* main.m */ = {isa = PBXFileReference; lastKnownFileType = sourcecode.c.objc; path = main.m; sourceTree = "<group>"; };
		94AA3B46209E2A0D002D91DA /* WebKit.framework */ = {isa = PBXFileReference; lastKnownFileType = wrapper.framework; name = WebKit.framework; path = System/Library/Frameworks/WebKit.framework; sourceTree = SDKROOT; };
		94AA3B48209E3811002D91DA /* StravaConstants.h */ = {isa = PBXFileReference; lastKnownFileType = sourcecode.c.h; path = StravaConstants.h; sourceTree = "<group>"; };
		94AA3B49209E3811002D91DA /* StravaConstants.m */ = {isa = PBXFileReference; lastKnownFileType = sourcecode.c.objc; path = StravaConstants.m; sourceTree = "<group>"; };
		94AA3B4B209E38BC002D91DA /* StravaAPIClient.h */ = {isa = PBXFileReference; lastKnownFileType = sourcecode.c.h; path = StravaAPIClient.h; sourceTree = "<group>"; };
		94AA3B4C209E38BC002D91DA /* StravaAPIClient.m */ = {isa = PBXFileReference; lastKnownFileType = sourcecode.c.objc; path = StravaAPIClient.m; sourceTree = "<group>"; };
		D3ABD8E4F5681B0968129798 /* Pods-StravaAPI.debug.xcconfig */ = {isa = PBXFileReference; includeInIndex = 1; lastKnownFileType = text.xcconfig; name = "Pods-StravaAPI.debug.xcconfig"; path = "Pods/Target Support Files/Pods-StravaAPI/Pods-StravaAPI.debug.xcconfig"; sourceTree = "<group>"; };
/* End PBXFileReference section */

/* Begin PBXFrameworksBuildPhase section */
		94A39D4C209E1F46003E58F4 /* Frameworks */ = {
			isa = PBXFrameworksBuildPhase;
			buildActionMask = 2147483647;
			files = (
				94AA3B47209E2A0D002D91DA /* WebKit.framework in Frameworks */,
				1709A87F2CE68C85514C8F45 /* libPods-StravaAPI.a in Frameworks */,
			);
			runOnlyForDeploymentPostprocessing = 0;
		};
/* End PBXFrameworksBuildPhase section */

/* Begin PBXGroup section */
		7043079F463783FF11B30C09 /* Frameworks */ = {
			isa = PBXGroup;
			children = (
				94AA3B46209E2A0D002D91DA /* WebKit.framework */,
				802AC9CB8FF183C1B9AADB18 /* libPods-StravaAPI.a */,
			);
			name = Frameworks;
			sourceTree = "<group>";
		};
		94901A41209E641400D6CCCC /* AppCode */ = {
			isa = PBXGroup;
			children = (
				94901A47209E64A100D6CCCC /* AppDelegate */,
				94901A48209E64AA00D6CCCC /* Models */,
				94901A46209E649A00D6CCCC /* ViewControllers */,
			);
			path = AppCode;
			sourceTree = "<group>";
		};
		94901A42209E642F00D6CCCC /* Resources */ = {
			isa = PBXGroup;
			children = (
				94A39D58209E1F46003E58F4 /* Main.storyboard */,
				94A39D5B209E1F48003E58F4 /* Assets.xcassets */,
				94A39D5D209E1F48003E58F4 /* LaunchScreen.storyboard */,
			);
			path = Resources;
			sourceTree = "<group>";
		};
		94901A43209E644100D6CCCC /* Supporting FIles */ = {
			isa = PBXGroup;
			children = (
				94A39D60209E1F48003E58F4 /* Info.plist */,
				94A39D61209E1F48003E58F4 /* main.m */,
			);
			path = "Supporting FIles";
			sourceTree = "<group>";
		};
		94901A44209E647600D6CCCC /* Constants */ = {
			isa = PBXGroup;
			children = (
				94AA3B48209E3811002D91DA /* StravaConstants.h */,
				94AA3B49209E3811002D91DA /* StravaConstants.m */,
			);
			path = Constants;
			sourceTree = "<group>";
		};
		94901A45209E648600D6CCCC /* Networking */ = {
			isa = PBXGroup;
			children = (
				94901A4C209E672000D6CCCC /* AthleteDeserializer.h */,
				94901A4D209E672000D6CCCC /* AthleteDeserializer.m */,
				94AA3B4B209E38BC002D91DA /* StravaAPIClient.h */,
				94AA3B4C209E38BC002D91DA /* StravaAPIClient.m */,
			);
			path = Networking;
			sourceTree = "<group>";
		};
		94901A46209E649A00D6CCCC /* ViewControllers */ = {
			isa = PBXGroup;
			children = (
				94A39D55209E1F46003E58F4 /* ViewController.h */,
				94A39D56209E1F46003E58F4 /* ViewController.m */,
			);
			path = ViewControllers;
			sourceTree = "<group>";
		};
		94901A47209E64A100D6CCCC /* AppDelegate */ = {
			isa = PBXGroup;
			children = (
				94A39D52209E1F46003E58F4 /* AppDelegate.h */,
				94A39D53209E1F46003E58F4 /* AppDelegate.m */,
			);
			path = AppDelegate;
			sourceTree = "<group>";
		};
		94901A48209E64AA00D6CCCC /* Models */ = {
			isa = PBXGroup;
			children = (
				94901A49209E65AB00D6CCCC /* Athlete.h */,
				94901A4A209E65AB00D6CCCC /* Athlete.m */,
			);
			path = Models;
			sourceTree = "<group>";
		};
		94A39D46209E1F45003E58F4 = {
			isa = PBXGroup;
			children = (
				94A39D51209E1F46003E58F4 /* StravaAPI */,
				94A39D50209E1F46003E58F4 /* Products */,
				BD803408FD6D49ED8D350282 /* Pods */,
				7043079F463783FF11B30C09 /* Frameworks */,
			);
			sourceTree = "<group>";
		};
		94A39D50209E1F46003E58F4 /* Products */ = {
			isa = PBXGroup;
			children = (
				94A39D4F209E1F46003E58F4 /* StravaAPI.app */,
			);
			name = Products;
			sourceTree = "<group>";
		};
		94A39D51209E1F46003E58F4 /* StravaAPI */ = {
			isa = PBXGroup;
			children = (
				94901A41209E641400D6CCCC /* AppCode */,
				94901A44209E647600D6CCCC /* Constants */,
				94901A45209E648600D6CCCC /* Networking */,
				94901A42209E642F00D6CCCC /* Resources */,
				94901A43209E644100D6CCCC /* Supporting FIles */,
			);
			path = StravaAPI;
			sourceTree = "<group>";
		};
		BD803408FD6D49ED8D350282 /* Pods */ = {
			isa = PBXGroup;
			children = (
				D3ABD8E4F5681B0968129798 /* Pods-StravaAPI.debug.xcconfig */,
				6DBDF23F8B63A7F70C310993 /* Pods-StravaAPI.release.xcconfig */,
			);
			name = Pods;
			sourceTree = "<group>";
		};
/* End PBXGroup section */

/* Begin PBXNativeTarget section */
		94A39D4E209E1F46003E58F4 /* StravaAPI */ = {
			isa = PBXNativeTarget;
			buildConfigurationList = 94A39D65209E1F48003E58F4 /* Build configuration list for PBXNativeTarget "StravaAPI" */;
			buildPhases = (
				A6024811CA7D2A9362BA3320 /* [CP] Check Pods Manifest.lock */,
				94A39D4B209E1F46003E58F4 /* Sources */,
				94A39D4C209E1F46003E58F4 /* Frameworks */,
				94A39D4D209E1F46003E58F4 /* Resources */,
			);
			buildRules = (
			);
			dependencies = (
			);
			name = StravaAPI;
			productName = StravaAPI;
			productReference = 94A39D4F209E1F46003E58F4 /* StravaAPI.app */;
			productType = "com.apple.product-type.application";
		};
/* End PBXNativeTarget section */

/* Begin PBXProject section */
		94A39D47209E1F45003E58F4 /* Project object */ = {
			isa = PBXProject;
			attributes = {
				LastUpgradeCheck = 0930;
				ORGANIZATIONNAME = ryan;
				TargetAttributes = {
					94A39D4E209E1F46003E58F4 = {
						CreatedOnToolsVersion = 9.3;
					};
				};
			};
			buildConfigurationList = 94A39D4A209E1F45003E58F4 /* Build configuration list for PBXProject "StravaAPI" */;
			compatibilityVersion = "Xcode 9.3";
			developmentRegion = en;
			hasScannedForEncodings = 0;
			knownRegions = (
				en,
				Base,
			);
			mainGroup = 94A39D46209E1F45003E58F4;
			productRefGroup = 94A39D50209E1F46003E58F4 /* Products */;
			projectDirPath = "";
			projectRoot = "";
			targets = (
				94A39D4E209E1F46003E58F4 /* StravaAPI */,
			);
		};
/* End PBXProject section */

/* Begin PBXResourcesBuildPhase section */
		94A39D4D209E1F46003E58F4 /* Resources */ = {
			isa = PBXResourcesBuildPhase;
			buildActionMask = 2147483647;
			files = (
				94A39D5F209E1F48003E58F4 /* LaunchScreen.storyboard in Resources */,
				94A39D5C209E1F48003E58F4 /* Assets.xcassets in Resources */,
				94A39D5A209E1F46003E58F4 /* Main.storyboard in Resources */,
			);
			runOnlyForDeploymentPostprocessing = 0;
		};
/* End PBXResourcesBuildPhase section */

/* Begin PBXShellScriptBuildPhase section */
		A6024811CA7D2A9362BA3320 /* [CP] Check Pods Manifest.lock */ = {
			isa = PBXShellScriptBuildPhase;
			buildActionMask = 2147483647;
			files = (
			);
			inputPaths = (
				"${PODS_PODFILE_DIR_PATH}/Podfile.lock",
				"${PODS_ROOT}/Manifest.lock",
			);
			name = "[CP] Check Pods Manifest.lock";
			outputPaths = (
				"$(DERIVED_FILE_DIR)/Pods-StravaAPI-checkManifestLockResult.txt",
			);
			runOnlyForDeploymentPostprocessing = 0;
			shellPath = /bin/sh;
			shellScript = "diff \"${PODS_PODFILE_DIR_PATH}/Podfile.lock\" \"${PODS_ROOT}/Manifest.lock\" > /dev/null\nif [ $? != 0 ] ; then\n    # print error to STDERR\n    echo \"error: The sandbox is not in sync with the Podfile.lock. Run 'pod install' or update your CocoaPods installation.\" >&2\n    exit 1\nfi\n# This output is used by Xcode 'outputs' to avoid re-running this script phase.\necho \"SUCCESS\" > \"${SCRIPT_OUTPUT_FILE_0}\"\n";
			showEnvVarsInLog = 0;
		};
/* End PBXShellScriptBuildPhase section */

/* Begin PBXSourcesBuildPhase section */
		94A39D4B209E1F46003E58F4 /* Sources */ = {
			isa = PBXSourcesBuildPhase;
			buildActionMask = 2147483647;
			files = (
				94A39D57209E1F46003E58F4 /* ViewController.m in Sources */,
				94AA3B4D209E38BC002D91DA /* StravaAPIClient.m in Sources */,
				94A39D62209E1F48003E58F4 /* main.m in Sources */,
				94AA3B4A209E3811002D91DA /* StravaConstants.m in Sources */,
				94A39D54209E1F46003E58F4 /* AppDelegate.m in Sources */,
				94901A4B209E65AB00D6CCCC /* Athlete.m in Sources */,
				94901A4E209E672000D6CCCC /* AthleteDeserializer.m in Sources */,
			);
			runOnlyForDeploymentPostprocessing = 0;
		};
/* End PBXSourcesBuildPhase section */

/* Begin PBXVariantGroup section */
		94A39D58209E1F46003E58F4 /* Main.storyboard */ = {
			isa = PBXVariantGroup;
			children = (
				94A39D59209E1F46003E58F4 /* Base */,
			);
			name = Main.storyboard;
			sourceTree = "<group>";
		};
		94A39D5D209E1F48003E58F4 /* LaunchScreen.storyboard */ = {
			isa = PBXVariantGroup;
			children = (
				94A39D5E209E1F48003E58F4 /* Base */,
			);
			name = LaunchScreen.storyboard;
			sourceTree = "<group>";
		};
/* End PBXVariantGroup section */

/* Begin XCBuildConfiguration section */
		94A39D63209E1F48003E58F4 /* Debug */ = {
			isa = XCBuildConfiguration;
			buildSettings = {
				ALWAYS_SEARCH_USER_PATHS = NO;
				CLANG_ANALYZER_NONNULL = YES;
				CLANG_ANALYZER_NUMBER_OBJECT_CONVERSION = YES_AGGRESSIVE;
				CLANG_CXX_LANGUAGE_STANDARD = "gnu++14";
				CLANG_CXX_LIBRARY = "libc++";
				CLANG_ENABLE_MODULES = YES;
				CLANG_ENABLE_OBJC_ARC = YES;
				CLANG_ENABLE_OBJC_WEAK = YES;
				CLANG_WARN_BLOCK_CAPTURE_AUTORELEASING = YES;
				CLANG_WARN_BOOL_CONVERSION = YES;
				CLANG_WARN_COMMA = YES;
				CLANG_WARN_CONSTANT_CONVERSION = YES;
				CLANG_WARN_DEPRECATED_OBJC_IMPLEMENTATIONS = YES;
				CLANG_WARN_DIRECT_OBJC_ISA_USAGE = YES_ERROR;
				CLANG_WARN_DOCUMENTATION_COMMENTS = YES;
				CLANG_WARN_EMPTY_BODY = YES;
				CLANG_WARN_ENUM_CONVERSION = YES;
				CLANG_WARN_INFINITE_RECURSION = YES;
				CLANG_WARN_INT_CONVERSION = YES;
				CLANG_WARN_NON_LITERAL_NULL_CONVERSION = YES;
				CLANG_WARN_OBJC_IMPLICIT_RETAIN_SELF = YES;
				CLANG_WARN_OBJC_LITERAL_CONVERSION = YES;
				CLANG_WARN_OBJC_ROOT_CLASS = YES_ERROR;
				CLANG_WARN_RANGE_LOOP_ANALYSIS = YES;
				CLANG_WARN_STRICT_PROTOTYPES = YES;
				CLANG_WARN_SUSPICIOUS_MOVE = YES;
				CLANG_WARN_UNGUARDED_AVAILABILITY = YES_AGGRESSIVE;
				CLANG_WARN_UNREACHABLE_CODE = YES;
				CLANG_WARN__DUPLICATE_METHOD_MATCH = YES;
				CODE_SIGN_IDENTITY = "iPhone Developer";
				COPY_PHASE_STRIP = NO;
				DEBUG_INFORMATION_FORMAT = dwarf;
				ENABLE_STRICT_OBJC_MSGSEND = YES;
				ENABLE_TESTABILITY = YES;
				GCC_C_LANGUAGE_STANDARD = gnu11;
				GCC_DYNAMIC_NO_PIC = NO;
				GCC_NO_COMMON_BLOCKS = YES;
				GCC_OPTIMIZATION_LEVEL = 0;
				GCC_PREPROCESSOR_DEFINITIONS = (
					"DEBUG=1",
					"$(inherited)",
				);
				GCC_WARN_64_TO_32_BIT_CONVERSION = YES;
				GCC_WARN_ABOUT_RETURN_TYPE = YES_ERROR;
				GCC_WARN_UNDECLARED_SELECTOR = YES;
				GCC_WARN_UNINITIALIZED_AUTOS = YES_AGGRESSIVE;
				GCC_WARN_UNUSED_FUNCTION = YES;
				GCC_WARN_UNUSED_VARIABLE = YES;
				IPHONEOS_DEPLOYMENT_TARGET = 11.3;
				MTL_ENABLE_DEBUG_INFO = YES;
				ONLY_ACTIVE_ARCH = YES;
				SDKROOT = iphoneos;
			};
			name = Debug;
		};
		94A39D64209E1F48003E58F4 /* Release */ = {
			isa = XCBuildConfiguration;
			buildSettings = {
				ALWAYS_SEARCH_USER_PATHS = NO;
				CLANG_ANALYZER_NONNULL = YES;
				CLANG_ANALYZER_NUMBER_OBJECT_CONVERSION = YES_AGGRESSIVE;
				CLANG_CXX_LANGUAGE_STANDARD = "gnu++14";
				CLANG_CXX_LIBRARY = "libc++";
				CLANG_ENABLE_MODULES = YES;
				CLANG_ENABLE_OBJC_ARC = YES;
				CLANG_ENABLE_OBJC_WEAK = YES;
				CLANG_WARN_BLOCK_CAPTURE_AUTORELEASING = YES;
				CLANG_WARN_BOOL_CONVERSION = YES;
				CLANG_WARN_COMMA = YES;
				CLANG_WARN_CONSTANT_CONVERSION = YES;
				CLANG_WARN_DEPRECATED_OBJC_IMPLEMENTATIONS = YES;
				CLANG_WARN_DIRECT_OBJC_ISA_USAGE = YES_ERROR;
				CLANG_WARN_DOCUMENTATION_COMMENTS = YES;
				CLANG_WARN_EMPTY_BODY = YES;
				CLANG_WARN_ENUM_CONVERSION = YES;
				CLANG_WARN_INFINITE_RECURSION = YES;
				CLANG_WARN_INT_CONVERSION = YES;
				CLANG_WARN_NON_LITERAL_NULL_CONVERSION = YES;
				CLANG_WARN_OBJC_IMPLICIT_RETAIN_SELF = YES;
				CLANG_WARN_OBJC_LITERAL_CONVERSION = YES;
				CLANG_WARN_OBJC_ROOT_CLASS = YES_ERROR;
				CLANG_WARN_RANGE_LOOP_ANALYSIS = YES;
				CLANG_WARN_STRICT_PROTOTYPES = YES;
				CLANG_WARN_SUSPICIOUS_MOVE = YES;
				CLANG_WARN_UNGUARDED_AVAILABILITY = YES_AGGRESSIVE;
				CLANG_WARN_UNREACHABLE_CODE = YES;
				CLANG_WARN__DUPLICATE_METHOD_MATCH = YES;
				CODE_SIGN_IDENTITY = "iPhone Developer";
				COPY_PHASE_STRIP = NO;
				DEBUG_INFORMATION_FORMAT = "dwarf-with-dsym";
				ENABLE_NS_ASSERTIONS = NO;
				ENABLE_STRICT_OBJC_MSGSEND = YES;
				GCC_C_LANGUAGE_STANDARD = gnu11;
				GCC_NO_COMMON_BLOCKS = YES;
				GCC_WARN_64_TO_32_BIT_CONVERSION = YES;
				GCC_WARN_ABOUT_RETURN_TYPE = YES_ERROR;
				GCC_WARN_UNDECLARED_SELECTOR = YES;
				GCC_WARN_UNINITIALIZED_AUTOS = YES_AGGRESSIVE;
				GCC_WARN_UNUSED_FUNCTION = YES;
				GCC_WARN_UNUSED_VARIABLE = YES;
				IPHONEOS_DEPLOYMENT_TARGET = 11.3;
				MTL_ENABLE_DEBUG_INFO = NO;
				SDKROOT = iphoneos;
				VALIDATE_PRODUCT = YES;
			};
			name = Release;
		};
		94A39D66209E1F48003E58F4 /* Debug */ = {
			isa = XCBuildConfiguration;
			baseConfigurationReference = D3ABD8E4F5681B0968129798 /* Pods-StravaAPI.debug.xcconfig */;
			buildSettings = {
				ASSETCATALOG_COMPILER_APPICON_NAME = AppIcon;
				CODE_SIGN_STYLE = Manual;
				DEVELOPMENT_TEAM = "";
				INFOPLIST_FILE = "StravaAPI/Supporting FIles/Info.plist";
				LD_RUNPATH_SEARCH_PATHS = (
					"$(inherited)",
					"@executable_path/Frameworks",
				);
				PRODUCT_BUNDLE_IDENTIFIER = rkb.StravaAPI;
				PRODUCT_NAME = "$(TARGET_NAME)";
				PROVISIONING_PROFILE_SPECIFIER = "";
				TARGETED_DEVICE_FAMILY = "1,2";
			};
			name = Debug;
		};
		94A39D67209E1F48003E58F4 /* Release */ = {
			isa = XCBuildConfiguration;
			baseConfigurationReference = 6DBDF23F8B63A7F70C310993 /* Pods-StravaAPI.release.xcconfig */;
			buildSettings = {
				ASSETCATALOG_COMPILER_APPICON_NAME = AppIcon;
				CODE_SIGN_STYLE = Manual;
				DEVELOPMENT_TEAM = "";
				INFOPLIST_FILE = "StravaAPI/Supporting FIles/Info.plist";
				LD_RUNPATH_SEARCH_PATHS = (
					"$(inherited)",
					"@executable_path/Frameworks",
				);
				PRODUCT_BUNDLE_IDENTIFIER = rkb.StravaAPI;
				PRODUCT_NAME = "$(TARGET_NAME)";
				PROVISIONING_PROFILE_SPECIFIER = "";
				TARGETED_DEVICE_FAMILY = "1,2";
			};
			name = Release;
		};
/* End XCBuildConfiguration section */

/* Begin XCConfigurationList section */
		94A39D4A209E1F45003E58F4 /* Build configuration list for PBXProject "StravaAPI" */ = {
			isa = XCConfigurationList;
			buildConfigurations = (
				94A39D63209E1F48003E58F4 /* Debug */,
				94A39D64209E1F48003E58F4 /* Release */,
			);
			defaultConfigurationIsVisible = 0;
			defaultConfigurationName = Release;
		};
		94A39D65209E1F48003E58F4 /* Build configuration list for PBXNativeTarget "StravaAPI" */ = {
			isa = XCConfigurationList;
			buildConfigurations = (
				94A39D66209E1F48003E58F4 /* Debug */,
				94A39D67209E1F48003E58F4 /* Release */,
			);
			defaultConfigurationIsVisible = 0;
			defaultConfigurationName = Release;
		};
/* End XCConfigurationList section */
	};
	rootObject = 94A39D47209E1F45003E58F4 /* Project object */;
}
